
Microsoft Visual Studio Solution File, Format Version 12.00
# Visual Studio 2012
Project("{FAE04EC0-301F-11D3-BF4B-00C04F79EFBC}") = "Task 6", "Task 6\Task 6.csproj", "{AF1FC1C2-FA7F-46C6-9A97-9A2008959095}"
EndProject
Global
	GlobalSection(SolutionConfigurationPlatforms) = preSolution
		Debug|Any CPU = Debug|Any CPU
		Release|Any CPU = Release|Any CPU
	EndGlobalSection
	GlobalSection(ProjectConfigurationPlatforms) = postSolution
		{AF1FC1C2-FA7F-46C6-9A97-9A2008959095}.Debug|Any CPU.ActiveCfg = Debug|Any CPU
		{AF1FC1C2-FA7F-46C6-9A97-9A2008959095}.Debug|Any CPU.Build.0 = Debug|Any CPU
		{AF1FC1C2-FA7F-46C6-9A97-9A2008959095}.Release|Any CPU.ActiveCfg = Release|Any CPU
		{AF1FC1C2-FA7F-46C6-9A97-9A2008959095}.Release|Any CPU.Build.0 = Release|Any CPU
	EndGlobalSection
	GlobalSection(SolutionProperties) = preSolution
		HideSolutionNode = FALSE
	EndGlobalSection
EndGlobal
